github.com/orcaman/concurrent-map/v2 v2.0.1 h1:jOJ5Pg2w1oeB6PeDurIYf6k9PQ+aTITr/6lP/L/zp6c=
github.com/orcaman/concurrent-map/v2 v2.0.1/go.mod h1:9Eq3TG2oBe5FirmYWQfYO5iH1q0Jv47PLaNK++uCdOM=
github.com/puzpuzpuz/xsync/v4 v4.1.0 h1:x9eHRl4QhZFIPJ17yl4KKW9xLyVWbb3/Yq4SXpjF71U=
github.com/puzpuzpuz/xsync/v4 v4.1.0/go.mod h1:VJDmTCJMBt8igNxnkQd86r+8KUeN1quSfNKu5bLYFQo=
